
Microsoft Visual Studio Solution File, Format Version 12.00
# Visual Studio Version 16
VisualStudioVersion = 16.0.29613.14
MinimumVisualStudioVersion = 10.0.40219.1
Project("{9A19103F-16F7-4668-BE54-9A1E7A4F7556}") = "Amazon.CloudWatch.EMF", "Amazon.CloudWatch.EMF\Amazon.CloudWatch.EMF.csproj", "{2273B766-F2AE-4340-85B7-AA881EB31BB6}"
EndProject
Project("{9A19103F-16F7-4668-BE54-9A1E7A4F7556}") = "Amazon.CloudWatch.EMF.Tests", "Amazon.CloudWatch.EMF.Tests\Amazon.CloudWatch.EMF.Tests.csproj", "{DE74081D-79B8-44CA-94F7-60142C9F9A84}"
EndProject
Project("{FAE04EC0-301F-11D3-BF4B-00C04F79EFBC}") = "Amazon.CloudWatch.EMF.IntegrationTests", "Amazon.CloudWatch.EMF.IntegrationTests\Amazon.CloudWatch.EMF.IntegrationTests.csproj", "{BB012365-7A17-4BE1-93E4-399E3E3FF74F}"
EndProject
EndProject
Global
	GlobalSection(SolutionConfigurationPlatforms) = preSolution
		Debug|Any CPU = Debug|Any CPU
		Release|Any CPU = Release|Any CPU
	EndGlobalSection
	GlobalSection(ProjectConfigurationPlatforms) = postSolution
		{2273B766-F2AE-4340-85B7-AA881EB31BB6}.Debug|Any CPU.ActiveCfg = Debug|Any CPU
		{2273B766-F2AE-4340-85B7-AA881EB31BB6}.Debug|Any CPU.Build.0 = Debug|Any CPU
		{2273B766-F2AE-4340-85B7-AA881EB31BB6}.Release|Any CPU.ActiveCfg = Release|Any CPU
		{2273B766-F2AE-4340-85B7-AA881EB31BB6}.Release|Any CPU.Build.0 = Release|Any CPU
		{DE74081D-79B8-44CA-94F7-60142C9F9A84}.Debug|Any CPU.ActiveCfg = Debug|Any CPU
		{DE74081D-79B8-44CA-94F7-60142C9F9A84}.Debug|Any CPU.Build.0 = Debug|Any CPU
		{DE74081D-79B8-44CA-94F7-60142C9F9A84}.Release|Any CPU.ActiveCfg = Release|Any CPU
		{DE74081D-79B8-44CA-94F7-60142C9F9A84}.Release|Any CPU.Build.0 = Release|Any CPU
		{BB012365-7A17-4BE1-93E4-399E3E3FF74F}.Debug|Any CPU.ActiveCfg = Debug|Any CPU
		{BB012365-7A17-4BE1-93E4-399E3E3FF74F}.Debug|Any CPU.Build.0 = Debug|Any CPU
		{BB012365-7A17-4BE1-93E4-399E3E3FF74F}.Release|Any CPU.ActiveCfg = Release|Any CPU
		{BB012365-7A17-4BE1-93E4-399E3E3FF74F}.Release|Any CPU.Build.0 = Release|Any CPU
	EndGlobalSection
	GlobalSection(SolutionProperties) = preSolution
		HideSolutionNode = FALSE
	EndGlobalSection
	GlobalSection(ExtensibilityGlobals) = postSolution
		SolutionGuid = {EA98FFB0-A541-457D-9F20-3C969434F9A1}
	EndGlobalSection
EndGlobal
